
Microsoft Visual Studio Solution File, Format Version 12.00
# Visual Studio Version 17
VisualStudioVersion = 17.8.34316.72
MinimumVisualStudioVersion = 10.0.40219.1
Project("{FAE04EC0-301F-11D3-BF4B-00C04F79EFBC}") = "WinformTest", "WinformTest.csproj", "{71DFA1B9-8B64-420F-9A77-5DC164E0264E}"
EndProject
Global
	GlobalSection(SolutionConfigurationPlatforms) = preSolution
		Debug|Any CPU = Debug|Any CPU
		Release|Any CPU = Release|Any CPU
	EndGlobalSection
	GlobalSection(ProjectConfigurationPlatforms) = postSolution
		{71DFA1B9-8B64-420F-9A77-5DC164E0264E}.Debug|Any CPU.ActiveCfg = Debug|Any CPU
		{71DFA1B9-8B64-420F-9A77-5DC164E0264E}.Debug|Any CPU.Build.0 = Debug|Any CPU
		{71DFA1B9-8B64-420F-9A77-5DC164E0264E}.Release|Any CPU.ActiveCfg = Release|Any CPU
		{71DFA1B9-8B64-420F-9A77-5DC164E0264E}.Release|Any CPU.Build.0 = Release|Any CPU
	EndGlobalSection
	GlobalSection(SolutionProperties) = preSolution
		HideSolutionNode = FALSE
	EndGlobalSection
	GlobalSection(ExtensibilityGlobals) = postSolution
		SolutionGuid = {76AD4557-5008-4B6D-90D7-DAEA48B2102B}
	EndGlobalSection
EndGlobal
